
Microsoft Visual Studio Solution File, Format Version 12.00
# Visual Studio Version 16
VisualStudioVersion = 16.0.31112.23
MinimumVisualStudioVersion = 10.0.40219.1
Project("{FAE04EC0-301F-11D3-BF4B-00C04F79EFBC}") = "FirstConsoleApp_090", "FirstConsoleApp_090\FirstConsoleApp_090.csproj", "{4609ADBC-0182-4E6A-B443-8C3CE2332E37}"
EndProject
Global
	GlobalSection(SolutionConfigurationPlatforms) = preSolution
		Debug|Any CPU = Debug|Any CPU
		Release|Any CPU = Release|Any CPU
	EndGlobalSection
	GlobalSection(ProjectConfigurationPlatforms) = postSolution
		{4609ADBC-0182-4E6A-B443-8C3CE2332E37}.Debug|Any CPU.ActiveCfg = Debug|Any CPU
		{4609ADBC-0182-4E6A-B443-8C3CE2332E37}.Debug|Any CPU.Build.0 = Debug|Any CPU
		{4609ADBC-0182-4E6A-B443-8C3CE2332E37}.Release|Any CPU.ActiveCfg = Release|Any CPU
		{4609ADBC-0182-4E6A-B443-8C3CE2332E37}.Release|Any CPU.Build.0 = Release|Any CPU
	EndGlobalSection
	GlobalSection(SolutionProperties) = preSolution
		HideSolutionNode = FALSE
	EndGlobalSection
	GlobalSection(ExtensibilityGlobals) = postSolution
		SolutionGuid = {78AD3DD8-5D77-4382-A638-6D0CF2A2DA73}
	EndGlobalSection
EndGlobal
